// !$*UTF8*$!
{
	archiveVersion = 1;
	classes = {
	};
	objectVersion = 56;
	objects = {

/* Begin PBXBuildFile section */
		C64583FF2C387D0600A657EE /* kapitalApp.swift in Sources */ = {isa = PBXBuildFile; fileRef = C64583FE2C387D0600A657EE /* kapitalApp.swift */; };
		C64584012C387D0600A657EE /* DashboardView.swift in Sources */ = {isa = PBXBuildFile; fileRef = C64584002C387D0600A657EE /* DashboardView.swift */; };
		C64584032C387D0800A657EE /* Assets.xcassets in Resources */ = {isa = PBXBuildFile; fileRef = C64584022C387D0800A657EE /* Assets.xcassets */; };
		C64584062C387D0800A657EE /* Preview Assets.xcassets in Resources */ = {isa = PBXBuildFile; fileRef = C64584052C387D0800A657EE /* Preview Assets.xcassets */; };
		C645840E2C387DF100A657EE /* CoinModel.swift in Sources */ = {isa = PBXBuildFile; fileRef = C645840D2C387DF100A657EE /* CoinModel.swift */; };
		C64584112C387F4800A657EE /* NetworkManager.swift in Sources */ = {isa = PBXBuildFile; fileRef = C64584102C387F4800A657EE /* NetworkManager.swift */; };
		C64584132C38814500A657EE /* Router.swift in Sources */ = {isa = PBXBuildFile; fileRef = C64584122C38814500A657EE /* Router.swift */; };
		C64584152C38823800A657EE /* BaseModel.swift in Sources */ = {isa = PBXBuildFile; fileRef = C64584142C38823800A657EE /* BaseModel.swift */; };
		C64584172C38846C00A657EE /* KapitalError.swift in Sources */ = {isa = PBXBuildFile; fileRef = C64584162C38846C00A657EE /* KapitalError.swift */; };
		C64584192C38854C00A657EE /* DashboardViewModel.swift in Sources */ = {isa = PBXBuildFile; fileRef = C64584182C38854C00A657EE /* DashboardViewModel.swift */; };
		C645841C2C38992B00A657EE /* CoinCellView.swift in Sources */ = {isa = PBXBuildFile; fileRef = C645841B2C38992B00A657EE /* CoinCellView.swift */; };
		C645841F2C38995C00A657EE /* CoinCellViewModel.swift in Sources */ = {isa = PBXBuildFile; fileRef = C645841E2C38995C00A657EE /* CoinCellViewModel.swift */; };
		C6BB48952C38CA1500894F35 /* String+Extension.swift in Sources */ = {isa = PBXBuildFile; fileRef = C6BB48942C38CA1500894F35 /* String+Extension.swift */; };
		C6BB48972C38CA2700894F35 /* Double+Extension.swift in Sources */ = {isa = PBXBuildFile; fileRef = C6BB48962C38CA2700894F35 /* Double+Extension.swift */; };
		C6BB48992C38CAEA00894F35 /* KapitalActionButton.swift in Sources */ = {isa = PBXBuildFile; fileRef = C6BB48982C38CAEA00894F35 /* KapitalActionButton.swift */; };
		C6BB489B2C38CCCE00894F35 /* BalanceView.swift in Sources */ = {isa = PBXBuildFile; fileRef = C6BB489A2C38CCCE00894F35 /* BalanceView.swift */; };
		C6BB489D2C38CD0200894F35 /* BalanceViewModel.swift in Sources */ = {isa = PBXBuildFile; fileRef = C6BB489C2C38CD0200894F35 /* BalanceViewModel.swift */; };
		C6BB48A02C38CD5C00894F35 /* HeaderView.swift in Sources */ = {isa = PBXBuildFile; fileRef = C6BB489F2C38CD5C00894F35 /* HeaderView.swift */; };
		C6BB48A32C38CD8D00894F35 /* HeaderViewModel.swift in Sources */ = {isa = PBXBuildFile; fileRef = C6BB48A22C38CD8D00894F35 /* HeaderViewModel.swift */; };
		C6BB48A52C38CEBA00894F35 /* TabBar.swift in Sources */ = {isa = PBXBuildFile; fileRef = C6BB48A42C38CEBA00894F35 /* TabBar.swift */; };
		C6BB48A72C392E8400894F35 /* LoadingCellView.swift in Sources */ = {isa = PBXBuildFile; fileRef = C6BB48A62C392E8300894F35 /* LoadingCellView.swift */; };
		C6BB48AC2C39333E00894F35 /* LocalDataManager.swift in Sources */ = {isa = PBXBuildFile; fileRef = C6BB48AB2C39333E00894F35 /* LocalDataManager.swift */; };
		C6BB48AF2C393AC600894F35 /* LocalDataType.swift in Sources */ = {isa = PBXBuildFile; fileRef = C6BB48AE2C393AC500894F35 /* LocalDataType.swift */; };
		C6BB48B22C393E6000894F35 /* LaunchScreen.storyboard in Resources */ = {isa = PBXBuildFile; fileRef = C6BB48B12C393E6000894F35 /* LaunchScreen.storyboard */; };
/* End PBXBuildFile section */

/* Begin PBXFileReference section */
		C64583FB2C387D0600A657EE /* kapital.app */ = {isa = PBXFileReference; explicitFileType = wrapper.application; includeInIndex = 0; path = kapital.app; sourceTree = BUILT_PRODUCTS_DIR; };
		C64583FE2C387D0600A657EE /* kapitalApp.swift */ = {isa = PBXFileReference; lastKnownFileType = sourcecode.swift; path = kapitalApp.swift; sourceTree = "<group>"; };
		C64584002C387D0600A657EE /* DashboardView.swift */ = {isa = PBXFileReference; lastKnownFileType = sourcecode.swift; path = DashboardView.swift; sourceTree = "<group>"; };
		C64584022C387D0800A657EE /* Assets.xcassets */ = {isa = PBXFileReference; lastKnownFileType = folder.assetcatalog; path = Assets.xcassets; sourceTree = "<group>"; };
		C64584052C387D0800A657EE /* Preview Assets.xcassets */ = {isa = PBXFileReference; lastKnownFileType = folder.assetcatalog; path = "Preview Assets.xcassets"; sourceTree = "<group>"; };
		C645840D2C387DF100A657EE /* CoinModel.swift */ = {isa = PBXFileReference; lastKnownFileType = sourcecode.swift; path = CoinModel.swift; sourceTree = "<group>"; };
		C64584102C387F4800A657EE /* NetworkManager.swift */ = {isa = PBXFileReference; lastKnownFileType = sourcecode.swift; path = NetworkManager.swift; sourceTree = "<group>"; };
		C64584122C38814500A657EE /* Router.swift */ = {isa = PBXFileReference; lastKnownFileType = sourcecode.swift; path = Router.swift; sourceTree = "<group>"; };
		C64584142C38823800A657EE /* BaseModel.swift */ = {isa = PBXFileReference; lastKnownFileType = sourcecode.swift; path = BaseModel.swift; sourceTree = "<group>"; };
		C64584162C38846C00A657EE /* KapitalError.swift */ = {isa = PBXFileReference; lastKnownFileType = sourcecode.swift; path = KapitalError.swift; sourceTree = "<group>"; };
		C64584182C38854C00A657EE /* DashboardViewModel.swift */ = {isa = PBXFileReference; lastKnownFileType = sourcecode.swift; path = DashboardViewModel.swift; sourceTree = "<group>"; };
		C645841B2C38992B00A657EE /* CoinCellView.swift */ = {isa = PBXFileReference; lastKnownFileType = sourcecode.swift; path = CoinCellView.swift; sourceTree = "<group>"; };
		C645841E2C38995C00A657EE /* CoinCellViewModel.swift */ = {isa = PBXFileReference; lastKnownFileType = sourcecode.swift; path = CoinCellViewModel.swift; sourceTree = "<group>"; };
		C6BB48942C38CA1500894F35 /* String+Extension.swift */ = {isa = PBXFileReference; lastKnownFileType = sourcecode.swift; path = "String+Extension.swift"; sourceTree = "<group>"; };
		C6BB48962C38CA2700894F35 /* Double+Extension.swift */ = {isa = PBXFileReference; lastKnownFileType = sourcecode.swift; path = "Double+Extension.swift"; sourceTree = "<group>"; };
		C6BB48982C38CAEA00894F35 /* KapitalActionButton.swift */ = {isa = PBXFileReference; lastKnownFileType = sourcecode.swift; path = KapitalActionButton.swift; sourceTree = "<group>"; };
		C6BB489A2C38CCCE00894F35 /* BalanceView.swift */ = {isa = PBXFileReference; lastKnownFileType = sourcecode.swift; path = BalanceView.swift; sourceTree = "<group>"; };
		C6BB489C2C38CD0200894F35 /* BalanceViewModel.swift */ = {isa = PBXFileReference; lastKnownFileType = sourcecode.swift; path = BalanceViewModel.swift; sourceTree = "<group>"; };
		C6BB489F2C38CD5C00894F35 /* HeaderView.swift */ = {isa = PBXFileReference; lastKnownFileType = sourcecode.swift; path = HeaderView.swift; sourceTree = "<group>"; };
		C6BB48A22C38CD8D00894F35 /* HeaderViewModel.swift */ = {isa = PBXFileReference; lastKnownFileType = sourcecode.swift; path = HeaderViewModel.swift; sourceTree = "<group>"; };
		C6BB48A42C38CEBA00894F35 /* TabBar.swift */ = {isa = PBXFileReference; lastKnownFileType = sourcecode.swift; path = TabBar.swift; sourceTree = "<group>"; };
		C6BB48A62C392E8300894F35 /* LoadingCellView.swift */ = {isa = PBXFileReference; lastKnownFileType = sourcecode.swift; path = LoadingCellView.swift; sourceTree = "<group>"; };
		C6BB48AB2C39333E00894F35 /* LocalDataManager.swift */ = {isa = PBXFileReference; lastKnownFileType = sourcecode.swift; path = LocalDataManager.swift; sourceTree = "<group>"; };
		C6BB48AE2C393AC500894F35 /* LocalDataType.swift */ = {isa = PBXFileReference; lastKnownFileType = sourcecode.swift; path = LocalDataType.swift; sourceTree = "<group>"; };
		C6BB48B12C393E6000894F35 /* LaunchScreen.storyboard */ = {isa = PBXFileReference; lastKnownFileType = file.storyboard; path = LaunchScreen.storyboard; sourceTree = "<group>"; };
/* End PBXFileReference section */

/* Begin PBXFrameworksBuildPhase section */
		C64583F82C387D0600A657EE /* Frameworks */ = {
			isa = PBXFrameworksBuildPhase;
			buildActionMask = 2147483647;
			files = (
			);
			runOnlyForDeploymentPostprocessing = 0;
		};
/* End PBXFrameworksBuildPhase section */

/* Begin PBXGroup section */
		C64583F22C387D0600A657EE = {
			isa = PBXGroup;
			children = (
				C64583FD2C387D0600A657EE /* kapital */,
				C64583FC2C387D0600A657EE /* Products */,
			);
			sourceTree = "<group>";
		};
		C64583FC2C387D0600A657EE /* Products */ = {
			isa = PBXGroup;
			children = (
				C64583FB2C387D0600A657EE /* kapital.app */,
			);
			name = Products;
			sourceTree = "<group>";
		};
		C64583FD2C387D0600A657EE /* kapital */ = {
			isa = PBXGroup;
			children = (
				C6BB48AD2C393AA800894F35 /* LocalDataManager */,
				C6BB48932C38CA0200894F35 /* Utilities */,
				C645841A2C3898C200A657EE /* GenericViews */,
				C645840F2C387F3700A657EE /* NetworkLayer */,
				C645840C2C387DC500A657EE /* Dashboard */,
				C64583FE2C387D0600A657EE /* kapitalApp.swift */,
				C64584022C387D0800A657EE /* Assets.xcassets */,
				C64584042C387D0800A657EE /* Preview Content */,
				C6BB48A42C38CEBA00894F35 /* TabBar.swift */,
				C6BB48B12C393E6000894F35 /* LaunchScreen.storyboard */,
			);
			path = kapital;
			sourceTree = "<group>";
		};
		C64584042C387D0800A657EE /* Preview Content */ = {
			isa = PBXGroup;
			children = (
				C64584052C387D0800A657EE /* Preview Assets.xcassets */,
			);
			path = "Preview Content";
			sourceTree = "<group>";
		};
		C645840C2C387DC500A657EE /* Dashboard */ = {
			isa = PBXGroup;
			children = (
				C64584182C38854C00A657EE /* DashboardViewModel.swift */,
				C64584002C387D0600A657EE /* DashboardView.swift */,
			);
			path = Dashboard;
			sourceTree = "<group>";
		};
		C645840F2C387F3700A657EE /* NetworkLayer */ = {
			isa = PBXGroup;
			children = (
				C64584102C387F4800A657EE /* NetworkManager.swift */,
				C64584122C38814500A657EE /* Router.swift */,
				C64584142C38823800A657EE /* BaseModel.swift */,
				C64584162C38846C00A657EE /* KapitalError.swift */,
			);
			path = NetworkLayer;
			sourceTree = "<group>";
		};
		C645841A2C3898C200A657EE /* GenericViews */ = {
			isa = PBXGroup;
			children = (
				C6BB48A12C38CD6A00894F35 /* HeaderView */,
				C6BB489E2C38CD0700894F35 /* BalanceView */,
				C645841D2C38994900A657EE /* CoinCell */,
				C6BB48982C38CAEA00894F35 /* KapitalActionButton.swift */,
			);
			path = GenericViews;
			sourceTree = "<group>";
		};
		C645841D2C38994900A657EE /* CoinCell */ = {
			isa = PBXGroup;
			children = (
				C6BB48A62C392E8300894F35 /* LoadingCellView.swift */,
				C645840D2C387DF100A657EE /* CoinModel.swift */,
				C645841B2C38992B00A657EE /* CoinCellView.swift */,
				C645841E2C38995C00A657EE /* CoinCellViewModel.swift */,
			);
			path = CoinCell;
			sourceTree = "<group>";
		};
		C6BB48932C38CA0200894F35 /* Utilities */ = {
			isa = PBXGroup;
			children = (
				C6BB48942C38CA1500894F35 /* String+Extension.swift */,
				C6BB48962C38CA2700894F35 /* Double+Extension.swift */,
			);
			path = Utilities;
			sourceTree = "<group>";
		};
		C6BB489E2C38CD0700894F35 /* BalanceView */ = {
			isa = PBXGroup;
			children = (
				C6BB489A2C38CCCE00894F35 /* BalanceView.swift */,
				C6BB489C2C38CD0200894F35 /* BalanceViewModel.swift */,
			);
			path = BalanceView;
			sourceTree = "<group>";
		};
		C6BB48A12C38CD6A00894F35 /* HeaderView */ = {
			isa = PBXGroup;
			children = (
				C6BB489F2C38CD5C00894F35 /* HeaderView.swift */,
				C6BB48A22C38CD8D00894F35 /* HeaderViewModel.swift */,
			);
			path = HeaderView;
			sourceTree = "<group>";
		};
		C6BB48AD2C393AA800894F35 /* LocalDataManager */ = {
			isa = PBXGroup;
			children = (
				C6BB48AB2C39333E00894F35 /* LocalDataManager.swift */,
				C6BB48AE2C393AC500894F35 /* LocalDataType.swift */,
			);
			path = LocalDataManager;
			sourceTree = "<group>";
		};
/* End PBXGroup section */

/* Begin PBXNativeTarget section */
		C64583FA2C387D0600A657EE /* kapital */ = {
			isa = PBXNativeTarget;
			buildConfigurationList = C64584092C387D0800A657EE /* Build configuration list for PBXNativeTarget "kapital" */;
			buildPhases = (
				C64583F72C387D0600A657EE /* Sources */,
				C64583F82C387D0600A657EE /* Frameworks */,
				C64583F92C387D0600A657EE /* Resources */,
			);
			buildRules = (
			);
			dependencies = (
			);
			name = kapital;
			productName = kapital;
			productReference = C64583FB2C387D0600A657EE /* kapital.app */;
			productType = "com.apple.product-type.application";
		};
/* End PBXNativeTarget section */

/* Begin PBXProject section */
		C64583F32C387D0600A657EE /* Project object */ = {
			isa = PBXProject;
			attributes = {
				BuildIndependentTargetsInParallel = 1;
				LastSwiftUpdateCheck = 1540;
				LastUpgradeCheck = 1540;
				TargetAttributes = {
					C64583FA2C387D0600A657EE = {
						CreatedOnToolsVersion = 15.4;
					};
				};
			};
			buildConfigurationList = C64583F62C387D0600A657EE /* Build configuration list for PBXProject "kapital" */;
			compatibilityVersion = "Xcode 14.0";
			developmentRegion = en;
			hasScannedForEncodings = 0;
			knownRegions = (
				en,
				Base,
			);
			mainGroup = C64583F22C387D0600A657EE;
			productRefGroup = C64583FC2C387D0600A657EE /* Products */;
			projectDirPath = "";
			projectRoot = "";
			targets = (
				C64583FA2C387D0600A657EE /* kapital */,
			);
		};
/* End PBXProject section */

/* Begin PBXResourcesBuildPhase section */
		C64583F92C387D0600A657EE /* Resources */ = {
			isa = PBXResourcesBuildPhase;
			buildActionMask = 2147483647;
			files = (
				C6BB48B22C393E6000894F35 /* LaunchScreen.storyboard in Resources */,
				C64584062C387D0800A657EE /* Preview Assets.xcassets in Resources */,
				C64584032C387D0800A657EE /* Assets.xcassets in Resources */,
			);
			runOnlyForDeploymentPostprocessing = 0;
		};
/* End PBXResourcesBuildPhase section */

/* Begin PBXSourcesBuildPhase section */
		C64583F72C387D0600A657EE /* Sources */ = {
			isa = PBXSourcesBuildPhase;
			buildActionMask = 2147483647;
			files = (
				C64584152C38823800A657EE /* BaseModel.swift in Sources */,
				C6BB48952C38CA1500894F35 /* String+Extension.swift in Sources */,
				C645841F2C38995C00A657EE /* CoinCellViewModel.swift in Sources */,
				C64584112C387F4800A657EE /* NetworkManager.swift in Sources */,
				C64584012C387D0600A657EE /* DashboardView.swift in Sources */,
				C645841C2C38992B00A657EE /* CoinCellView.swift in Sources */,
				C64584132C38814500A657EE /* Router.swift in Sources */,
				C645840E2C387DF100A657EE /* CoinModel.swift in Sources */,
				C6BB48A72C392E8400894F35 /* LoadingCellView.swift in Sources */,
				C6BB48AF2C393AC600894F35 /* LocalDataType.swift in Sources */,
				C6BB48972C38CA2700894F35 /* Double+Extension.swift in Sources */,
				C6BB48A52C38CEBA00894F35 /* TabBar.swift in Sources */,
				C64584172C38846C00A657EE /* KapitalError.swift in Sources */,
				C64583FF2C387D0600A657EE /* kapitalApp.swift in Sources */,
				C64584192C38854C00A657EE /* DashboardViewModel.swift in Sources */,
				C6BB48992C38CAEA00894F35 /* KapitalActionButton.swift in Sources */,
				C6BB489D2C38CD0200894F35 /* BalanceViewModel.swift in Sources */,
				C6BB48AC2C39333E00894F35 /* LocalDataManager.swift in Sources */,
				C6BB489B2C38CCCE00894F35 /* BalanceView.swift in Sources */,
				C6BB48A02C38CD5C00894F35 /* HeaderView.swift in Sources */,
				C6BB48A32C38CD8D00894F35 /* HeaderViewModel.swift in Sources */,
			);
			runOnlyForDeploymentPostprocessing = 0;
		};
/* End PBXSourcesBuildPhase section */

/* Begin XCBuildConfiguration section */
		C64584072C387D0800A657EE /* Debug */ = {
			isa = XCBuildConfiguration;
			buildSettings = {
				ALWAYS_SEARCH_USER_PATHS = NO;
				ASSETCATALOG_COMPILER_GENERATE_SWIFT_ASSET_SYMBOL_EXTENSIONS = YES;
				CLANG_ANALYZER_NONNULL = YES;
				CLANG_ANALYZER_NUMBER_OBJECT_CONVERSION = YES_AGGRESSIVE;
				CLANG_CXX_LANGUAGE_STANDARD = "gnu++20";
				CLANG_ENABLE_MODULES = YES;
				CLANG_ENABLE_OBJC_ARC = YES;
				CLANG_ENABLE_OBJC_WEAK = YES;
				CLANG_WARN_BLOCK_CAPTURE_AUTORELEASING = YES;
				CLANG_WARN_BOOL_CONVERSION = YES;
				CLANG_WARN_COMMA = YES;
				CLANG_WARN_CONSTANT_CONVERSION = YES;
				CLANG_WARN_DEPRECATED_OBJC_IMPLEMENTATIONS = YES;
				CLANG_WARN_DIRECT_OBJC_ISA_USAGE = YES_ERROR;
				CLANG_WARN_DOCUMENTATION_COMMENTS = YES;
				CLANG_WARN_EMPTY_BODY = YES;
				CLANG_WARN_ENUM_CONVERSION = YES;
				CLANG_WARN_INFINITE_RECURSION = YES;
				CLANG_WARN_INT_CONVERSION = YES;
				CLANG_WARN_NON_LITERAL_NULL_CONVERSION = YES;
				CLANG_WARN_OBJC_IMPLICIT_RETAIN_SELF = YES;
				CLANG_WARN_OBJC_LITERAL_CONVERSION = YES;
				CLANG_WARN_OBJC_ROOT_CLASS = YES_ERROR;
				CLANG_WARN_QUOTED_INCLUDE_IN_FRAMEWORK_HEADER = YES;
				CLANG_WARN_RANGE_LOOP_ANALYSIS = YES;
				CLANG_WARN_STRICT_PROTOTYPES = YES;
				CLANG_WARN_SUSPICIOUS_MOVE = YES;
				CLANG_WARN_UNGUARDED_AVAILABILITY = YES_AGGRESSIVE;
				CLANG_WARN_UNREACHABLE_CODE = YES;
				CLANG_WARN__DUPLICATE_METHOD_MATCH = YES;
				COPY_PHASE_STRIP = NO;
				DEBUG_INFORMATION_FORMAT = dwarf;
				ENABLE_STRICT_OBJC_MSGSEND = YES;
				ENABLE_TESTABILITY = YES;
				ENABLE_USER_SCRIPT_SANDBOXING = YES;
				GCC_C_LANGUAGE_STANDARD = gnu17;
				GCC_DYNAMIC_NO_PIC = NO;
				GCC_NO_COMMON_BLOCKS = YES;
				GCC_OPTIMIZATION_LEVEL = 0;
				GCC_PREPROCESSOR_DEFINITIONS = (
					"DEBUG=1",
					"$(inherited)",
				);
				GCC_WARN_64_TO_32_BIT_CONVERSION = YES;
				GCC_WARN_ABOUT_RETURN_TYPE = YES_ERROR;
				GCC_WARN_UNDECLARED_SELECTOR = YES;
				GCC_WARN_UNINITIALIZED_AUTOS = YES_AGGRESSIVE;
				GCC_WARN_UNUSED_FUNCTION = YES;
				GCC_WARN_UNUSED_VARIABLE = YES;
				IPHONEOS_DEPLOYMENT_TARGET = 17.5;
				LOCALIZATION_PREFERS_STRING_CATALOGS = YES;
				MTL_ENABLE_DEBUG_INFO = INCLUDE_SOURCE;
				MTL_FAST_MATH = YES;
				ONLY_ACTIVE_ARCH = YES;
				SDKROOT = iphoneos;
				SWIFT_ACTIVE_COMPILATION_CONDITIONS = "DEBUG $(inherited)";
				SWIFT_OPTIMIZATION_LEVEL = "-Onone";
			};
			name = Debug;
		};
		C64584082C387D0800A657EE /* Release */ = {
			isa = XCBuildConfiguration;
			buildSettings = {
				ALWAYS_SEARCH_USER_PATHS = NO;
				ASSETCATALOG_COMPILER_GENERATE_SWIFT_ASSET_SYMBOL_EXTENSIONS = YES;
				CLANG_ANALYZER_NONNULL = YES;
				CLANG_ANALYZER_NUMBER_OBJECT_CONVERSION = YES_AGGRESSIVE;
				CLANG_CXX_LANGUAGE_STANDARD = "gnu++20";
				CLANG_ENABLE_MODULES = YES;
				CLANG_ENABLE_OBJC_ARC = YES;
				CLANG_ENABLE_OBJC_WEAK = YES;
				CLANG_WARN_BLOCK_CAPTURE_AUTORELEASING = YES;
				CLANG_WARN_BOOL_CONVERSION = YES;
				CLANG_WARN_COMMA = YES;
				CLANG_WARN_CONSTANT_CONVERSION = YES;
				CLANG_WARN_DEPRECATED_OBJC_IMPLEMENTATIONS = YES;
				CLANG_WARN_DIRECT_OBJC_ISA_USAGE = YES_ERROR;
				CLANG_WARN_DOCUMENTATION_COMMENTS = YES;
				CLANG_WARN_EMPTY_BODY = YES;
				CLANG_WARN_ENUM_CONVERSION = YES;
				CLANG_WARN_INFINITE_RECURSION = YES;
				CLANG_WARN_INT_CONVERSION = YES;
				CLANG_WARN_NON_LITERAL_NULL_CONVERSION = YES;
				CLANG_WARN_OBJC_IMPLICIT_RETAIN_SELF = YES;
				CLANG_WARN_OBJC_LITERAL_CONVERSION = YES;
				CLANG_WARN_OBJC_ROOT_CLASS = YES_ERROR;
				CLANG_WARN_QUOTED_INCLUDE_IN_FRAMEWORK_HEADER = YES;
				CLANG_WARN_RANGE_LOOP_ANALYSIS = YES;
				CLANG_WARN_STRICT_PROTOTYPES = YES;
				CLANG_WARN_SUSPICIOUS_MOVE = YES;
				CLANG_WARN_UNGUARDED_AVAILABILITY = YES_AGGRESSIVE;
				CLANG_WARN_UNREACHABLE_CODE = YES;
				CLANG_WARN__DUPLICATE_METHOD_MATCH = YES;
				COPY_PHASE_STRIP = NO;
				DEBUG_INFORMATION_FORMAT = "dwarf-with-dsym";
				ENABLE_NS_ASSERTIONS = NO;
				ENABLE_STRICT_OBJC_MSGSEND = YES;
				ENABLE_USER_SCRIPT_SANDBOXING = YES;
				GCC_C_LANGUAGE_STANDARD = gnu17;
				GCC_NO_COMMON_BLOCKS = YES;
				GCC_WARN_64_TO_32_BIT_CONVERSION = YES;
				GCC_WARN_ABOUT_RETURN_TYPE = YES_ERROR;
				GCC_WARN_UNDECLARED_SELECTOR = YES;
				GCC_WARN_UNINITIALIZED_AUTOS = YES_AGGRESSIVE;
				GCC_WARN_UNUSED_FUNCTION = YES;
				GCC_WARN_UNUSED_VARIABLE = YES;
				IPHONEOS_DEPLOYMENT_TARGET = 17.5;
				LOCALIZATION_PREFERS_STRING_CATALOGS = YES;
				MTL_ENABLE_DEBUG_INFO = NO;
				MTL_FAST_MATH = YES;
				SDKROOT = iphoneos;
				SWIFT_COMPILATION_MODE = wholemodule;
				VALIDATE_PRODUCT = YES;
			};
			name = Release;
		};
		C645840A2C387D0800A657EE /* Debug */ = {
			isa = XCBuildConfiguration;
			buildSettings = {
				ASSETCATALOG_COMPILER_APPICON_NAME = AppIcon;
				ASSETCATALOG_COMPILER_GLOBAL_ACCENT_COLOR_NAME = AccentColor;
				CODE_SIGN_STYLE = Automatic;
				CURRENT_PROJECT_VERSION = 1;
				DEVELOPMENT_ASSET_PATHS = "\"kapital/Preview Content\"";
				ENABLE_PREVIEWS = YES;
				GENERATE_INFOPLIST_FILE = YES;
				INFOPLIST_FILE = kapital/Info.plist;
				INFOPLIST_KEY_CFBundleDisplayName = Kapital;
				INFOPLIST_KEY_UIApplicationSceneManifest_Generation = YES;
				INFOPLIST_KEY_UIApplicationSupportsIndirectInputEvents = YES;
				INFOPLIST_KEY_UILaunchStoryboardName = LaunchScreen.storyboard;
				INFOPLIST_KEY_UIStatusBarStyle = "";
				INFOPLIST_KEY_UISupportedInterfaceOrientations_iPad = "UIInterfaceOrientationPortrait UIInterfaceOrientationPortraitUpsideDown UIInterfaceOrientationLandscapeLeft UIInterfaceOrientationLandscapeRight";
				INFOPLIST_KEY_UISupportedInterfaceOrientations_iPhone = "UIInterfaceOrientationPortrait UIInterfaceOrientationLandscapeLeft UIInterfaceOrientationLandscapeRight";
				LD_RUNPATH_SEARCH_PATHS = (
					"$(inherited)",
					"@executable_path/Frameworks",
				);
				MARKETING_VERSION = 1.0;
				PRODUCT_BUNDLE_IDENTIFIER = gov.konishi.apps.kapital;
				PRODUCT_NAME = "$(TARGET_NAME)";
				SWIFT_EMIT_LOC_STRINGS = YES;
				SWIFT_VERSION = 5.0;
				TARGETED_DEVICE_FAMILY = "1,2";
			};
			name = Debug;
		};
		C645840B2C387D0800A657EE /* Release */ = {
			isa = XCBuildConfiguration;
			buildSettings = {
				ASSETCATALOG_COMPILER_APPICON_NAME = AppIcon;
				ASSETCATALOG_COMPILER_GLOBAL_ACCENT_COLOR_NAME = AccentColor;
				CODE_SIGN_STYLE = Automatic;
				CURRENT_PROJECT_VERSION = 1;
				DEVELOPMENT_ASSET_PATHS = "\"kapital/Preview Content\"";
				ENABLE_PREVIEWS = YES;
				GENERATE_INFOPLIST_FILE = YES;
				INFOPLIST_FILE = kapital/Info.plist;
				INFOPLIST_KEY_CFBundleDisplayName = Kapital;
				INFOPLIST_KEY_UIApplicationSceneManifest_Generation = YES;
				INFOPLIST_KEY_UIApplicationSupportsIndirectInputEvents = YES;
				INFOPLIST_KEY_UILaunchStoryboardName = LaunchScreen.storyboard;
				INFOPLIST_KEY_UIStatusBarStyle = "";
				INFOPLIST_KEY_UISupportedInterfaceOrientations_iPad = "UIInterfaceOrientationPortrait UIInterfaceOrientationPortraitUpsideDown UIInterfaceOrientationLandscapeLeft UIInterfaceOrientationLandscapeRight";
				INFOPLIST_KEY_UISupportedInterfaceOrientations_iPhone = "UIInterfaceOrientationPortrait UIInterfaceOrientationLandscapeLeft UIInterfaceOrientationLandscapeRight";
				LD_RUNPATH_SEARCH_PATHS = (
					"$(inherited)",
					"@executable_path/Frameworks",
				);
				MARKETING_VERSION = 1.0;
				PRODUCT_BUNDLE_IDENTIFIER = gov.konishi.apps.kapital;
				PRODUCT_NAME = "$(TARGET_NAME)";
				SWIFT_EMIT_LOC_STRINGS = YES;
				SWIFT_VERSION = 5.0;
				TARGETED_DEVICE_FAMILY = "1,2";
			};
			name = Release;
		};
/* End XCBuildConfiguration section */

/* Begin XCConfigurationList section */
		C64583F62C387D0600A657EE /* Build configuration list for PBXProject "kapital" */ = {
			isa = XCConfigurationList;
			buildConfigurations = (
				C64584072C387D0800A657EE /* Debug */,
				C64584082C387D0800A657EE /* Release */,
			);
			defaultConfigurationIsVisible = 0;
			defaultConfigurationName = Release;
		};
		C64584092C387D0800A657EE /* Build configuration list for PBXNativeTarget "kapital" */ = {
			isa = XCConfigurationList;
			buildConfigurations = (
				C645840A2C387D0800A657EE /* Debug */,
				C645840B2C387D0800A657EE /* Release */,
			);
			defaultConfigurationIsVisible = 0;
			defaultConfigurationName = Release;
		};
/* End XCConfigurationList section */
	};
	rootObject = C64583F32C387D0600A657EE /* Project object */;
}
